
Microsoft Visual Studio Solution File, Format Version 12.00
# Visual Studio 14
VisualStudioVersion = 14.0.25420.1
MinimumVisualStudioVersion = 10.0.40219.1
Project("{D954291E-2A0B-460D-934E-DC6B0785DB48}") = "ngMIDIator", "ngMIDIator\ngMIDIator.shproj", "{327A7804-F7AC-42B1-8F83-115B55A6BC1D}"
EndProject
Global
	GlobalSection(SharedMSBuildProjectFiles) = preSolution
		ngMIDIator\ngMIDIator.projitems*{327a7804-f7ac-42b1-8f83-115b55a6bc1d}*SharedItemsImports = 13
	EndGlobalSection
	GlobalSection(SolutionProperties) = preSolution
		HideSolutionNode = FALSE
	EndGlobalSection
EndGlobal
