
Microsoft Visual Studio Solution File, Format Version 12.00
# Visual Studio 14
VisualStudioVersion = 14.0.25420.1
MinimumVisualStudioVersion = 10.0.40219.1
Project("{FAE04EC0-301F-11D3-BF4B-00C04F79EFBC}") = "MIDIator.Core", "MIDIator.Core\MIDIator.Core.csproj", "{02553DC6-8D06-4BB4-87B3-BAA9C0E4756F}"
EndProject
Project("{FAE04EC0-301F-11D3-BF4B-00C04F79EFBC}") = "MIDIator.Tests", "MIDIator.Tests\MIDIator.Tests.csproj", "{B62030ED-5B69-41D6-99EA-FE26B3C5B530}"
EndProject
Project("{FAE04EC0-301F-11D3-BF4B-00C04F79EFBC}") = "WPF", "WPF\WPF.csproj", "{ADF3157D-EBA5-4DCB-8B25-3583027521B8}"
EndProject
Project("{FAE04EC0-301F-11D3-BF4B-00C04F79EFBC}") = "ConsoleApp", "ConsoleApp\ConsoleApp.csproj", "{75FA8816-CFAC-4972-BADA-3ED5DDEE8EAE}"
EndProject
Project("{2150E333-8FDC-42A3-9474-1A3956D46DE8}") = "IMPORTED", "IMPORTED", "{1110D915-D1FD-4528-9931-4AB7770601B8}"
EndProject
Project("{FAE04EC0-301F-11D3-BF4B-00C04F79EFBC}") = "Sanford.Multimedia.Midi", "Sanford.Multimedia.Midi\Source\Sanford.Multimedia.Midi.csproj", "{4269C72A-8D3A-4737-8F89-72EAA33EA9E1}"
EndProject
Project("{2150E333-8FDC-42A3-9474-1A3956D46DE8}") = "Solution Items", "Solution Items", "{6F098E7E-A8C4-4AB3-BDA1-D0B417B61D8D}"
	ProjectSection(SolutionItems) = preProject
		nuget.config = nuget.config
	EndProjectSection
EndProject
Project("{FAE04EC0-301F-11D3-BF4B-00C04F79EFBC}") = "MIDIator.WebApi", "MIDIator.WebApi\MIDIator.WebApi.csproj", "{148244F4-8E03-4248-8827-C3474469F442}"
EndProject
Project("{FAE04EC0-301F-11D3-BF4B-00C04F79EFBC}") = "MIDIator.UIGenerator", "MIDIator.UIGenerator\MIDIator.UIGenerator.csproj", "{649B3CEC-2C8E-4A94-8C89-32B4A1C00A14}"
EndProject
Project("{FAE04EC0-301F-11D3-BF4B-00C04F79EFBC}") = "MIDIator.UIGenerator.Consumables", "MIDIator.UIGenerator.Consumables\MIDIator.UIGenerator.Consumables.csproj", "{6F7C5BF5-D975-475A-8966-1FE4836C8FD4}"
EndProject
Project("{2150E333-8FDC-42A3-9474-1A3956D46DE8}") = "Tests", "Tests", "{0D69F0AA-644A-496D-B5B2-AE22AF35CDB0}"
EndProject
Project("{FAE04EC0-301F-11D3-BF4B-00C04F79EFBC}") = "MIDIator.UIGenerator.Consumables.Tests", "MIDIator.UIGenerator.Consumables.Tests\MIDIator.UIGenerator.Consumables.Tests.csproj", "{19A05FC8-6081-4512-8065-DC12A52BB3BF}"
EndProject
Project("{FAE04EC0-301F-11D3-BF4B-00C04F79EFBC}") = "TypeLite", "TypeLite\TypeLite\TypeLite.csproj", "{43DCB624-F929-4572-97A3-6B14AC6AD158}"
EndProject
Project("{FAE04EC0-301F-11D3-BF4B-00C04F79EFBC}") = "TypeLite.Net4", "TypeLite\TypeLite.Net4\TypeLite.Net4.csproj", "{0AD860B2-2AAA-47CC-ACBA-F2D97BE19D66}"
EndProject
Project("{D954291E-2A0B-460D-934E-DC6B0785DB48}") = "MIDIator.WebClient", "MIDIator.WebClient\ngMIDIator\MIDIator.WebClient.shproj", "{327A7804-F7AC-42B1-8F83-115B55A6BC1D}"
EndProject
Project("{FAE04EC0-301F-11D3-BF4B-00C04F79EFBC}") = "MIDIator.Manager", "MIDIator.Manager\MIDIator.Manager.csproj", "{4C050776-A5DC-4D8D-B774-0FE7025F98DC}"
EndProject
Global
	GlobalSection(SharedMSBuildProjectFiles) = preSolution
		MIDIator.WebClient\ngMIDIator\ngMIDIator.projitems*{327a7804-f7ac-42b1-8f83-115b55a6bc1d}*SharedItemsImports = 13
	EndGlobalSection
	GlobalSection(SolutionConfigurationPlatforms) = preSolution
		Debug|Any CPU = Debug|Any CPU
		Release|Any CPU = Release|Any CPU
	EndGlobalSection
	GlobalSection(ProjectConfigurationPlatforms) = postSolution
		{02553DC6-8D06-4BB4-87B3-BAA9C0E4756F}.Debug|Any CPU.ActiveCfg = Debug|Any CPU
		{02553DC6-8D06-4BB4-87B3-BAA9C0E4756F}.Debug|Any CPU.Build.0 = Debug|Any CPU
		{02553DC6-8D06-4BB4-87B3-BAA9C0E4756F}.Release|Any CPU.ActiveCfg = Release|Any CPU
		{02553DC6-8D06-4BB4-87B3-BAA9C0E4756F}.Release|Any CPU.Build.0 = Release|Any CPU
		{B62030ED-5B69-41D6-99EA-FE26B3C5B530}.Debug|Any CPU.ActiveCfg = Debug|Any CPU
		{B62030ED-5B69-41D6-99EA-FE26B3C5B530}.Debug|Any CPU.Build.0 = Debug|Any CPU
		{B62030ED-5B69-41D6-99EA-FE26B3C5B530}.Release|Any CPU.ActiveCfg = Release|Any CPU
		{B62030ED-5B69-41D6-99EA-FE26B3C5B530}.Release|Any CPU.Build.0 = Release|Any CPU
		{ADF3157D-EBA5-4DCB-8B25-3583027521B8}.Debug|Any CPU.ActiveCfg = Debug|Any CPU
		{ADF3157D-EBA5-4DCB-8B25-3583027521B8}.Debug|Any CPU.Build.0 = Debug|Any CPU
		{ADF3157D-EBA5-4DCB-8B25-3583027521B8}.Release|Any CPU.ActiveCfg = Release|Any CPU
		{ADF3157D-EBA5-4DCB-8B25-3583027521B8}.Release|Any CPU.Build.0 = Release|Any CPU
		{75FA8816-CFAC-4972-BADA-3ED5DDEE8EAE}.Debug|Any CPU.ActiveCfg = Debug|Any CPU
		{75FA8816-CFAC-4972-BADA-3ED5DDEE8EAE}.Debug|Any CPU.Build.0 = Debug|Any CPU
		{75FA8816-CFAC-4972-BADA-3ED5DDEE8EAE}.Release|Any CPU.ActiveCfg = Release|Any CPU
		{75FA8816-CFAC-4972-BADA-3ED5DDEE8EAE}.Release|Any CPU.Build.0 = Release|Any CPU
		{4269C72A-8D3A-4737-8F89-72EAA33EA9E1}.Debug|Any CPU.ActiveCfg = Debug|Any CPU
		{4269C72A-8D3A-4737-8F89-72EAA33EA9E1}.Debug|Any CPU.Build.0 = Debug|Any CPU
		{4269C72A-8D3A-4737-8F89-72EAA33EA9E1}.Release|Any CPU.ActiveCfg = Release|Any CPU
		{4269C72A-8D3A-4737-8F89-72EAA33EA9E1}.Release|Any CPU.Build.0 = Release|Any CPU
		{148244F4-8E03-4248-8827-C3474469F442}.Debug|Any CPU.ActiveCfg = Debug|Any CPU
		{148244F4-8E03-4248-8827-C3474469F442}.Debug|Any CPU.Build.0 = Debug|Any CPU
		{148244F4-8E03-4248-8827-C3474469F442}.Release|Any CPU.ActiveCfg = Release|Any CPU
		{148244F4-8E03-4248-8827-C3474469F442}.Release|Any CPU.Build.0 = Release|Any CPU
		{649B3CEC-2C8E-4A94-8C89-32B4A1C00A14}.Debug|Any CPU.ActiveCfg = Debug|Any CPU
		{649B3CEC-2C8E-4A94-8C89-32B4A1C00A14}.Debug|Any CPU.Build.0 = Debug|Any CPU
		{649B3CEC-2C8E-4A94-8C89-32B4A1C00A14}.Release|Any CPU.ActiveCfg = Release|Any CPU
		{649B3CEC-2C8E-4A94-8C89-32B4A1C00A14}.Release|Any CPU.Build.0 = Release|Any CPU
		{6F7C5BF5-D975-475A-8966-1FE4836C8FD4}.Debug|Any CPU.ActiveCfg = Debug|Any CPU
		{6F7C5BF5-D975-475A-8966-1FE4836C8FD4}.Debug|Any CPU.Build.0 = Debug|Any CPU
		{6F7C5BF5-D975-475A-8966-1FE4836C8FD4}.Release|Any CPU.ActiveCfg = Release|Any CPU
		{6F7C5BF5-D975-475A-8966-1FE4836C8FD4}.Release|Any CPU.Build.0 = Release|Any CPU
		{19A05FC8-6081-4512-8065-DC12A52BB3BF}.Debug|Any CPU.ActiveCfg = Debug|Any CPU
		{19A05FC8-6081-4512-8065-DC12A52BB3BF}.Debug|Any CPU.Build.0 = Debug|Any CPU
		{19A05FC8-6081-4512-8065-DC12A52BB3BF}.Release|Any CPU.ActiveCfg = Release|Any CPU
		{19A05FC8-6081-4512-8065-DC12A52BB3BF}.Release|Any CPU.Build.0 = Release|Any CPU
		{43DCB624-F929-4572-97A3-6B14AC6AD158}.Debug|Any CPU.ActiveCfg = Debug|Any CPU
		{43DCB624-F929-4572-97A3-6B14AC6AD158}.Debug|Any CPU.Build.0 = Debug|Any CPU
		{43DCB624-F929-4572-97A3-6B14AC6AD158}.Release|Any CPU.ActiveCfg = Release|Any CPU
		{43DCB624-F929-4572-97A3-6B14AC6AD158}.Release|Any CPU.Build.0 = Release|Any CPU
		{0AD860B2-2AAA-47CC-ACBA-F2D97BE19D66}.Debug|Any CPU.ActiveCfg = Debug|Any CPU
		{0AD860B2-2AAA-47CC-ACBA-F2D97BE19D66}.Debug|Any CPU.Build.0 = Debug|Any CPU
		{0AD860B2-2AAA-47CC-ACBA-F2D97BE19D66}.Release|Any CPU.ActiveCfg = Release|Any CPU
		{0AD860B2-2AAA-47CC-ACBA-F2D97BE19D66}.Release|Any CPU.Build.0 = Release|Any CPU
		{4C050776-A5DC-4D8D-B774-0FE7025F98DC}.Debug|Any CPU.ActiveCfg = Debug|Any CPU
		{4C050776-A5DC-4D8D-B774-0FE7025F98DC}.Debug|Any CPU.Build.0 = Debug|Any CPU
		{4C050776-A5DC-4D8D-B774-0FE7025F98DC}.Release|Any CPU.ActiveCfg = Release|Any CPU
		{4C050776-A5DC-4D8D-B774-0FE7025F98DC}.Release|Any CPU.Build.0 = Release|Any CPU
	EndGlobalSection
	GlobalSection(SolutionProperties) = preSolution
		HideSolutionNode = FALSE
	EndGlobalSection
	GlobalSection(NestedProjects) = preSolution
		{B62030ED-5B69-41D6-99EA-FE26B3C5B530} = {0D69F0AA-644A-496D-B5B2-AE22AF35CDB0}
		{4269C72A-8D3A-4737-8F89-72EAA33EA9E1} = {1110D915-D1FD-4528-9931-4AB7770601B8}
		{19A05FC8-6081-4512-8065-DC12A52BB3BF} = {0D69F0AA-644A-496D-B5B2-AE22AF35CDB0}
		{43DCB624-F929-4572-97A3-6B14AC6AD158} = {1110D915-D1FD-4528-9931-4AB7770601B8}
		{0AD860B2-2AAA-47CC-ACBA-F2D97BE19D66} = {1110D915-D1FD-4528-9931-4AB7770601B8}
	EndGlobalSection
EndGlobal
